// !$*UTF8*$!
{
	archiveVersion = 1;
	classes = {
	};
	objectVersion = 50;
	objects = {

/* Begin PBXBuildFile section */
		4881956AFA96AA2EBFBF8A38 /* Pods_Schedule.framework in Frameworks */ = {isa = PBXBuildFile; fileRef = B3F29607489CDE944F8C4D9F /* Pods_Schedule.framework */; };
		C64E89CA24CB1D6E00EF9B4E /* ImagePicker.swift in Sources */ = {isa = PBXBuildFile; fileRef = C64E89C924CB1D6E00EF9B4E /* ImagePicker.swift */; };
		C668EBBC24B7BDB800BFCAA0 /* String+Misc.swift in Sources */ = {isa = PBXBuildFile; fileRef = C668EBBB24B7BDB800BFCAA0 /* String+Misc.swift */; };
		C6BDB6F224B34FE9007F96FC /* AppDelegate.swift in Sources */ = {isa = PBXBuildFile; fileRef = C6BDB6F124B34FE9007F96FC /* AppDelegate.swift */; };
		C6BDB6F424B34FE9007F96FC /* SceneDelegate.swift in Sources */ = {isa = PBXBuildFile; fileRef = C6BDB6F324B34FE9007F96FC /* SceneDelegate.swift */; };
		C6BDB6F624B34FE9007F96FC /* RegisterUserViewController.swift in Sources */ = {isa = PBXBuildFile; fileRef = C6BDB6F524B34FE9007F96FC /* RegisterUserViewController.swift */; };
		C6BDB6FC24B34FE9007F96FC /* Schedule.xcdatamodeld in Sources */ = {isa = PBXBuildFile; fileRef = C6BDB6FA24B34FE9007F96FC /* Schedule.xcdatamodeld */; };
		C6BDB6FE24B34FEA007F96FC /* Assets.xcassets in Resources */ = {isa = PBXBuildFile; fileRef = C6BDB6FD24B34FEA007F96FC /* Assets.xcassets */; };
		C6BDB70124B34FEA007F96FC /* LaunchScreen.storyboard in Resources */ = {isa = PBXBuildFile; fileRef = C6BDB6FF24B34FEA007F96FC /* LaunchScreen.storyboard */; };
		C6BDB70B24B359D2007F96FC /* UIView+Constraints.swift in Sources */ = {isa = PBXBuildFile; fileRef = C6BDB70A24B359D2007F96FC /* UIView+Constraints.swift */; };
		C6BDB70D24B3B72C007F96FC /* CustomTextField.swift in Sources */ = {isa = PBXBuildFile; fileRef = C6BDB70C24B3B72C007F96FC /* CustomTextField.swift */; };
		C6F34EBC2DDBEE24003DCE7A /* Binder.swift in Sources */ = {isa = PBXBuildFile; fileRef = C6F34EBB2DDBEE20003DCE7A /* Binder.swift */; };
		C6F34EBE2DDBF52D003DCE7A /* ViewCode.swift in Sources */ = {isa = PBXBuildFile; fileRef = C6F34EBD2DDBF527003DCE7A /* ViewCode.swift */; };
/* End PBXBuildFile section */

/* Begin PBXFileReference section */
		0D8E257567B1FF4D20F80050 /* Pods-Schedule.release.xcconfig */ = {isa = PBXFileReference; includeInIndex = 1; lastKnownFileType = text.xcconfig; name = "Pods-Schedule.release.xcconfig"; path = "Target Support Files/Pods-Schedule/Pods-Schedule.release.xcconfig"; sourceTree = "<group>"; };
		7953D8342E4E5371A2EECC44 /* Pods-Schedule.debug.xcconfig */ = {isa = PBXFileReference; includeInIndex = 1; lastKnownFileType = text.xcconfig; name = "Pods-Schedule.debug.xcconfig"; path = "Target Support Files/Pods-Schedule/Pods-Schedule.debug.xcconfig"; sourceTree = "<group>"; };
		B3F29607489CDE944F8C4D9F /* Pods_Schedule.framework */ = {isa = PBXFileReference; explicitFileType = wrapper.framework; includeInIndex = 0; path = Pods_Schedule.framework; sourceTree = BUILT_PRODUCTS_DIR; };
		C64E89C924CB1D6E00EF9B4E /* ImagePicker.swift */ = {isa = PBXFileReference; lastKnownFileType = sourcecode.swift; path = ImagePicker.swift; sourceTree = "<group>"; };
		C668EBBB24B7BDB800BFCAA0 /* String+Misc.swift */ = {isa = PBXFileReference; lastKnownFileType = sourcecode.swift; path = "String+Misc.swift"; sourceTree = "<group>"; };
		C6BDB6EE24B34FE9007F96FC /* Schedule.app */ = {isa = PBXFileReference; explicitFileType = wrapper.application; includeInIndex = 0; path = Schedule.app; sourceTree = BUILT_PRODUCTS_DIR; };
		C6BDB6F124B34FE9007F96FC /* AppDelegate.swift */ = {isa = PBXFileReference; lastKnownFileType = sourcecode.swift; path = AppDelegate.swift; sourceTree = "<group>"; };
		C6BDB6F324B34FE9007F96FC /* SceneDelegate.swift */ = {isa = PBXFileReference; lastKnownFileType = sourcecode.swift; path = SceneDelegate.swift; sourceTree = "<group>"; };
		C6BDB6F524B34FE9007F96FC /* RegisterUserViewController.swift */ = {isa = PBXFileReference; lastKnownFileType = sourcecode.swift; path = RegisterUserViewController.swift; sourceTree = "<group>"; };
		C6BDB6FB24B34FE9007F96FC /* Schedule.xcdatamodel */ = {isa = PBXFileReference; lastKnownFileType = wrapper.xcdatamodel; path = Schedule.xcdatamodel; sourceTree = "<group>"; };
		C6BDB6FD24B34FEA007F96FC /* Assets.xcassets */ = {isa = PBXFileReference; lastKnownFileType = folder.assetcatalog; path = Assets.xcassets; sourceTree = "<group>"; };
		C6BDB70024B34FEA007F96FC /* Base */ = {isa = PBXFileReference; lastKnownFileType = file.storyboard; name = Base; path = Base.lproj/LaunchScreen.storyboard; sourceTree = "<group>"; };
		C6BDB70224B34FEA007F96FC /* Info.plist */ = {isa = PBXFileReference; lastKnownFileType = text.plist.xml; path = Info.plist; sourceTree = "<group>"; };
		C6BDB70A24B359D2007F96FC /* UIView+Constraints.swift */ = {isa = PBXFileReference; lastKnownFileType = sourcecode.swift; path = "UIView+Constraints.swift"; sourceTree = "<group>"; };
		C6BDB70C24B3B72C007F96FC /* CustomTextField.swift */ = {isa = PBXFileReference; lastKnownFileType = sourcecode.swift; path = CustomTextField.swift; sourceTree = "<group>"; };
		C6F34EBB2DDBEE20003DCE7A /* Binder.swift */ = {isa = PBXFileReference; lastKnownFileType = sourcecode.swift; path = Binder.swift; sourceTree = "<group>"; };
		C6F34EBD2DDBF527003DCE7A /* ViewCode.swift */ = {isa = PBXFileReference; lastKnownFileType = sourcecode.swift; path = ViewCode.swift; sourceTree = "<group>"; };
/* End PBXFileReference section */

/* Begin PBXFrameworksBuildPhase section */
		C6BDB6EB24B34FE9007F96FC /* Frameworks */ = {
			isa = PBXFrameworksBuildPhase;
			buildActionMask = 2147483647;
			files = (
				4881956AFA96AA2EBFBF8A38 /* Pods_Schedule.framework in Frameworks */,
			);
			runOnlyForDeploymentPostprocessing = 0;
		};
/* End PBXFrameworksBuildPhase section */

/* Begin PBXGroup section */
		4BCF42582B3E51EA51F4F196 /* Pods */ = {
			isa = PBXGroup;
			children = (
				7953D8342E4E5371A2EECC44 /* Pods-Schedule.debug.xcconfig */,
				0D8E257567B1FF4D20F80050 /* Pods-Schedule.release.xcconfig */,
			);
			path = Pods;
			sourceTree = "<group>";
		};
		AA96443ACDEA820BD903D6BC /* Frameworks */ = {
			isa = PBXGroup;
			children = (
				B3F29607489CDE944F8C4D9F /* Pods_Schedule.framework */,
			);
			name = Frameworks;
			sourceTree = "<group>";
		};
		C64E89C824CB1D5400EF9B4E /* Components */ = {
			isa = PBXGroup;
			children = (
				C6BDB70C24B3B72C007F96FC /* CustomTextField.swift */,
				C64E89C924CB1D6E00EF9B4E /* ImagePicker.swift */,
			);
			path = Components;
			sourceTree = "<group>";
		};
		C6BDB6E524B34FE9007F96FC = {
			isa = PBXGroup;
			children = (
				C6BDB6F024B34FE9007F96FC /* Schedule */,
				C6BDB6EF24B34FE9007F96FC /* Products */,
				4BCF42582B3E51EA51F4F196 /* Pods */,
				AA96443ACDEA820BD903D6BC /* Frameworks */,
			);
			sourceTree = "<group>";
		};
		C6BDB6EF24B34FE9007F96FC /* Products */ = {
			isa = PBXGroup;
			children = (
				C6BDB6EE24B34FE9007F96FC /* Schedule.app */,
			);
			name = Products;
			sourceTree = "<group>";
		};
		C6BDB6F024B34FE9007F96FC /* Schedule */ = {
			isa = PBXGroup;
			children = (
				C6F34EBA2DDBEE12003DCE7A /* Utilities */,
				C64E89C824CB1D5400EF9B4E /* Components */,
				C6BDB6F124B34FE9007F96FC /* AppDelegate.swift */,
				C6BDB6F324B34FE9007F96FC /* SceneDelegate.swift */,
				C6BDB6F524B34FE9007F96FC /* RegisterUserViewController.swift */,
				C6BDB6FD24B34FEA007F96FC /* Assets.xcassets */,
				C6BDB6FF24B34FEA007F96FC /* LaunchScreen.storyboard */,
				C6BDB70224B34FEA007F96FC /* Info.plist */,
				C6BDB6FA24B34FE9007F96FC /* Schedule.xcdatamodeld */,
				C6BDB70A24B359D2007F96FC /* UIView+Constraints.swift */,
				C668EBBB24B7BDB800BFCAA0 /* String+Misc.swift */,
			);
			path = Schedule;
			sourceTree = "<group>";
		};
		C6F34EBA2DDBEE12003DCE7A /* Utilities */ = {
			isa = PBXGroup;
			children = (
				C6F34EBD2DDBF527003DCE7A /* ViewCode.swift */,
				C6F34EBB2DDBEE20003DCE7A /* Binder.swift */,
			);
			path = Utilities;
			sourceTree = "<group>";
		};
/* End PBXGroup section */

/* Begin PBXNativeTarget section */
		C6BDB6ED24B34FE9007F96FC /* Schedule */ = {
			isa = PBXNativeTarget;
			buildConfigurationList = C6BDB70524B34FEA007F96FC /* Build configuration list for PBXNativeTarget "Schedule" */;
			buildPhases = (
				4D5FA464CA3E0B383F1D8C07 /* [CP] Check Pods Manifest.lock */,
				C6BDB6EA24B34FE9007F96FC /* Sources */,
				C6BDB6EB24B34FE9007F96FC /* Frameworks */,
				C6BDB6EC24B34FE9007F96FC /* Resources */,
			);
			buildRules = (
			);
			dependencies = (
			);
			name = Schedule;
			productName = Schedule;
			productReference = C6BDB6EE24B34FE9007F96FC /* Schedule.app */;
			productType = "com.apple.product-type.application";
		};
/* End PBXNativeTarget section */

/* Begin PBXProject section */
		C6BDB6E624B34FE9007F96FC /* Project object */ = {
			isa = PBXProject;
			attributes = {
				LastSwiftUpdateCheck = 1110;
				LastUpgradeCheck = 1110;
				ORGANIZATIONNAME = "Rafaela Galdino";
				TargetAttributes = {
					C6BDB6ED24B34FE9007F96FC = {
						CreatedOnToolsVersion = 11.1;
					};
				};
			};
			buildConfigurationList = C6BDB6E924B34FE9007F96FC /* Build configuration list for PBXProject "Schedule" */;
			compatibilityVersion = "Xcode 9.3";
			developmentRegion = en;
			hasScannedForEncodings = 0;
			knownRegions = (
				en,
				Base,
			);
			mainGroup = C6BDB6E524B34FE9007F96FC;
			productRefGroup = C6BDB6EF24B34FE9007F96FC /* Products */;
			projectDirPath = "";
			projectRoot = "";
			targets = (
				C6BDB6ED24B34FE9007F96FC /* Schedule */,
			);
		};
/* End PBXProject section */

/* Begin PBXResourcesBuildPhase section */
		C6BDB6EC24B34FE9007F96FC /* Resources */ = {
			isa = PBXResourcesBuildPhase;
			buildActionMask = 2147483647;
			files = (
				C6BDB70124B34FEA007F96FC /* LaunchScreen.storyboard in Resources */,
				C6BDB6FE24B34FEA007F96FC /* Assets.xcassets in Resources */,
			);
			runOnlyForDeploymentPostprocessing = 0;
		};
/* End PBXResourcesBuildPhase section */

/* Begin PBXShellScriptBuildPhase section */
		4D5FA464CA3E0B383F1D8C07 /* [CP] Check Pods Manifest.lock */ = {
			isa = PBXShellScriptBuildPhase;
			buildActionMask = 2147483647;
			files = (
			);
			inputFileListPaths = (
			);
			inputPaths = (
				"${PODS_PODFILE_DIR_PATH}/Podfile.lock",
				"${PODS_ROOT}/Manifest.lock",
			);
			name = "[CP] Check Pods Manifest.lock";
			outputFileListPaths = (
			);
			outputPaths = (
				"$(DERIVED_FILE_DIR)/Pods-Schedule-checkManifestLockResult.txt",
			);
			runOnlyForDeploymentPostprocessing = 0;
			shellPath = /bin/sh;
			shellScript = "diff \"${PODS_PODFILE_DIR_PATH}/Podfile.lock\" \"${PODS_ROOT}/Manifest.lock\" > /dev/null\nif [ $? != 0 ] ; then\n    # print error to STDERR\n    echo \"error: The sandbox is not in sync with the Podfile.lock. Run 'pod install' or update your CocoaPods installation.\" >&2\n    exit 1\nfi\n# This output is used by Xcode 'outputs' to avoid re-running this script phase.\necho \"SUCCESS\" > \"${SCRIPT_OUTPUT_FILE_0}\"\n";
			showEnvVarsInLog = 0;
		};
/* End PBXShellScriptBuildPhase section */

/* Begin PBXSourcesBuildPhase section */
		C6BDB6EA24B34FE9007F96FC /* Sources */ = {
			isa = PBXSourcesBuildPhase;
			buildActionMask = 2147483647;
			files = (
				C6BDB6F624B34FE9007F96FC /* RegisterUserViewController.swift in Sources */,
				C6F34EBE2DDBF52D003DCE7A /* ViewCode.swift in Sources */,
				C6F34EBC2DDBEE24003DCE7A /* Binder.swift in Sources */,
				C6BDB6F224B34FE9007F96FC /* AppDelegate.swift in Sources */,
				C6BDB70D24B3B72C007F96FC /* CustomTextField.swift in Sources */,
				C6BDB6FC24B34FE9007F96FC /* Schedule.xcdatamodeld in Sources */,
				C668EBBC24B7BDB800BFCAA0 /* String+Misc.swift in Sources */,
				C64E89CA24CB1D6E00EF9B4E /* ImagePicker.swift in Sources */,
				C6BDB70B24B359D2007F96FC /* UIView+Constraints.swift in Sources */,
				C6BDB6F424B34FE9007F96FC /* SceneDelegate.swift in Sources */,
			);
			runOnlyForDeploymentPostprocessing = 0;
		};
/* End PBXSourcesBuildPhase section */

/* Begin PBXVariantGroup section */
		C6BDB6FF24B34FEA007F96FC /* LaunchScreen.storyboard */ = {
			isa = PBXVariantGroup;
			children = (
				C6BDB70024B34FEA007F96FC /* Base */,
			);
			name = LaunchScreen.storyboard;
			sourceTree = "<group>";
		};
/* End PBXVariantGroup section */

/* Begin XCBuildConfiguration section */
		C6BDB70324B34FEA007F96FC /* Debug */ = {
			isa = XCBuildConfiguration;
			buildSettings = {
				ALWAYS_SEARCH_USER_PATHS = NO;
				CLANG_ANALYZER_NONNULL = YES;
				CLANG_ANALYZER_NUMBER_OBJECT_CONVERSION = YES_AGGRESSIVE;
				CLANG_CXX_LANGUAGE_STANDARD = "gnu++14";
				CLANG_CXX_LIBRARY = "libc++";
				CLANG_ENABLE_MODULES = YES;
				CLANG_ENABLE_OBJC_ARC = YES;
				CLANG_ENABLE_OBJC_WEAK = YES;
				CLANG_WARN_BLOCK_CAPTURE_AUTORELEASING = YES;
				CLANG_WARN_BOOL_CONVERSION = YES;
				CLANG_WARN_COMMA = YES;
				CLANG_WARN_CONSTANT_CONVERSION = YES;
				CLANG_WARN_DEPRECATED_OBJC_IMPLEMENTATIONS = YES;
				CLANG_WARN_DIRECT_OBJC_ISA_USAGE = YES_ERROR;
				CLANG_WARN_DOCUMENTATION_COMMENTS = YES;
				CLANG_WARN_EMPTY_BODY = YES;
				CLANG_WARN_ENUM_CONVERSION = YES;
				CLANG_WARN_INFINITE_RECURSION = YES;
				CLANG_WARN_INT_CONVERSION = YES;
				CLANG_WARN_NON_LITERAL_NULL_CONVERSION = YES;
				CLANG_WARN_OBJC_IMPLICIT_RETAIN_SELF = YES;
				CLANG_WARN_OBJC_LITERAL_CONVERSION = YES;
				CLANG_WARN_OBJC_ROOT_CLASS = YES_ERROR;
				CLANG_WARN_RANGE_LOOP_ANALYSIS = YES;
				CLANG_WARN_STRICT_PROTOTYPES = YES;
				CLANG_WARN_SUSPICIOUS_MOVE = YES;
				CLANG_WARN_UNGUARDED_AVAILABILITY = YES_AGGRESSIVE;
				CLANG_WARN_UNREACHABLE_CODE = YES;
				CLANG_WARN__DUPLICATE_METHOD_MATCH = YES;
				COPY_PHASE_STRIP = NO;
				DEBUG_INFORMATION_FORMAT = dwarf;
				ENABLE_STRICT_OBJC_MSGSEND = YES;
				ENABLE_TESTABILITY = YES;
				GCC_C_LANGUAGE_STANDARD = gnu11;
				GCC_DYNAMIC_NO_PIC = NO;
				GCC_NO_COMMON_BLOCKS = YES;
				GCC_OPTIMIZATION_LEVEL = 0;
				GCC_PREPROCESSOR_DEFINITIONS = (
					"DEBUG=1",
					"$(inherited)",
				);
				GCC_WARN_64_TO_32_BIT_CONVERSION = YES;
				GCC_WARN_ABOUT_RETURN_TYPE = YES_ERROR;
				GCC_WARN_UNDECLARED_SELECTOR = YES;
				GCC_WARN_UNINITIALIZED_AUTOS = YES_AGGRESSIVE;
				GCC_WARN_UNUSED_FUNCTION = YES;
				GCC_WARN_UNUSED_VARIABLE = YES;
				IPHONEOS_DEPLOYMENT_TARGET = 13.1;
				MTL_ENABLE_DEBUG_INFO = INCLUDE_SOURCE;
				MTL_FAST_MATH = YES;
				ONLY_ACTIVE_ARCH = YES;
				SDKROOT = iphoneos;
				SWIFT_ACTIVE_COMPILATION_CONDITIONS = DEBUG;
				SWIFT_OPTIMIZATION_LEVEL = "-Onone";
			};
			name = Debug;
		};
		C6BDB70424B34FEA007F96FC /* Release */ = {
			isa = XCBuildConfiguration;
			buildSettings = {
				ALWAYS_SEARCH_USER_PATHS = NO;
				CLANG_ANALYZER_NONNULL = YES;
				CLANG_ANALYZER_NUMBER_OBJECT_CONVERSION = YES_AGGRESSIVE;
				CLANG_CXX_LANGUAGE_STANDARD = "gnu++14";
				CLANG_CXX_LIBRARY = "libc++";
				CLANG_ENABLE_MODULES = YES;
				CLANG_ENABLE_OBJC_ARC = YES;
				CLANG_ENABLE_OBJC_WEAK = YES;
				CLANG_WARN_BLOCK_CAPTURE_AUTORELEASING = YES;
				CLANG_WARN_BOOL_CONVERSION = YES;
				CLANG_WARN_COMMA = YES;
				CLANG_WARN_CONSTANT_CONVERSION = YES;
				CLANG_WARN_DEPRECATED_OBJC_IMPLEMENTATIONS = YES;
				CLANG_WARN_DIRECT_OBJC_ISA_USAGE = YES_ERROR;
				CLANG_WARN_DOCUMENTATION_COMMENTS = YES;
				CLANG_WARN_EMPTY_BODY = YES;
				CLANG_WARN_ENUM_CONVERSION = YES;
				CLANG_WARN_INFINITE_RECURSION = YES;
				CLANG_WARN_INT_CONVERSION = YES;
				CLANG_WARN_NON_LITERAL_NULL_CONVERSION = YES;
				CLANG_WARN_OBJC_IMPLICIT_RETAIN_SELF = YES;
				CLANG_WARN_OBJC_LITERAL_CONVERSION = YES;
				CLANG_WARN_OBJC_ROOT_CLASS = YES_ERROR;
				CLANG_WARN_RANGE_LOOP_ANALYSIS = YES;
				CLANG_WARN_STRICT_PROTOTYPES = YES;
				CLANG_WARN_SUSPICIOUS_MOVE = YES;
				CLANG_WARN_UNGUARDED_AVAILABILITY = YES_AGGRESSIVE;
				CLANG_WARN_UNREACHABLE_CODE = YES;
				CLANG_WARN__DUPLICATE_METHOD_MATCH = YES;
				COPY_PHASE_STRIP = NO;
				DEBUG_INFORMATION_FORMAT = "dwarf-with-dsym";
				ENABLE_NS_ASSERTIONS = NO;
				ENABLE_STRICT_OBJC_MSGSEND = YES;
				GCC_C_LANGUAGE_STANDARD = gnu11;
				GCC_NO_COMMON_BLOCKS = YES;
				GCC_WARN_64_TO_32_BIT_CONVERSION = YES;
				GCC_WARN_ABOUT_RETURN_TYPE = YES_ERROR;
				GCC_WARN_UNDECLARED_SELECTOR = YES;
				GCC_WARN_UNINITIALIZED_AUTOS = YES_AGGRESSIVE;
				GCC_WARN_UNUSED_FUNCTION = YES;
				GCC_WARN_UNUSED_VARIABLE = YES;
				IPHONEOS_DEPLOYMENT_TARGET = 13.1;
				MTL_ENABLE_DEBUG_INFO = NO;
				MTL_FAST_MATH = YES;
				SDKROOT = iphoneos;
				SWIFT_COMPILATION_MODE = wholemodule;
				SWIFT_OPTIMIZATION_LEVEL = "-O";
				VALIDATE_PRODUCT = YES;
			};
			name = Release;
		};
		C6BDB70624B34FEA007F96FC /* Debug */ = {
			isa = XCBuildConfiguration;
			baseConfigurationReference = 7953D8342E4E5371A2EECC44 /* Pods-Schedule.debug.xcconfig */;
			buildSettings = {
				ASSETCATALOG_COMPILER_APPICON_NAME = AppIcon;
				CODE_SIGN_STYLE = Automatic;
				DEVELOPMENT_TEAM = M7RA8WRB32;
				INFOPLIST_FILE = Schedule/Info.plist;
				LD_RUNPATH_SEARCH_PATHS = (
					"$(inherited)",
					"@executable_path/Frameworks",
				);
				PRODUCT_BUNDLE_IDENTIFIER = rafaela.galdino;
				PRODUCT_NAME = "$(TARGET_NAME)";
				SWIFT_VERSION = 5.0;
				TARGETED_DEVICE_FAMILY = "1,2";
			};
			name = Debug;
		};
		C6BDB70724B34FEA007F96FC /* Release */ = {
			isa = XCBuildConfiguration;
			baseConfigurationReference = 0D8E257567B1FF4D20F80050 /* Pods-Schedule.release.xcconfig */;
			buildSettings = {
				ASSETCATALOG_COMPILER_APPICON_NAME = AppIcon;
				CODE_SIGN_STYLE = Automatic;
				DEVELOPMENT_TEAM = M7RA8WRB32;
				INFOPLIST_FILE = Schedule/Info.plist;
				LD_RUNPATH_SEARCH_PATHS = (
					"$(inherited)",
					"@executable_path/Frameworks",
				);
				PRODUCT_BUNDLE_IDENTIFIER = rafaela.galdino;
				PRODUCT_NAME = "$(TARGET_NAME)";
				SWIFT_VERSION = 5.0;
				TARGETED_DEVICE_FAMILY = "1,2";
			};
			name = Release;
		};
/* End XCBuildConfiguration section */

/* Begin XCConfigurationList section */
		C6BDB6E924B34FE9007F96FC /* Build configuration list for PBXProject "Schedule" */ = {
			isa = XCConfigurationList;
			buildConfigurations = (
				C6BDB70324B34FEA007F96FC /* Debug */,
				C6BDB70424B34FEA007F96FC /* Release */,
			);
			defaultConfigurationIsVisible = 0;
			defaultConfigurationName = Release;
		};
		C6BDB70524B34FEA007F96FC /* Build configuration list for PBXNativeTarget "Schedule" */ = {
			isa = XCConfigurationList;
			buildConfigurations = (
				C6BDB70624B34FEA007F96FC /* Debug */,
				C6BDB70724B34FEA007F96FC /* Release */,
			);
			defaultConfigurationIsVisible = 0;
			defaultConfigurationName = Release;
		};
/* End XCConfigurationList section */

/* Begin XCVersionGroup section */
		C6BDB6FA24B34FE9007F96FC /* Schedule.xcdatamodeld */ = {
			isa = XCVersionGroup;
			children = (
				C6BDB6FB24B34FE9007F96FC /* Schedule.xcdatamodel */,
			);
			currentVersion = C6BDB6FB24B34FE9007F96FC /* Schedule.xcdatamodel */;
			path = Schedule.xcdatamodeld;
			sourceTree = "<group>";
			versionGroupType = wrapper.xcdatamodel;
		};
/* End XCVersionGroup section */
	};
	rootObject = C6BDB6E624B34FE9007F96FC /* Project object */;
}
